
Microsoft Visual Studio Solution File, Format Version 12.00
# Visual Studio Version 17
VisualStudioVersion = 17.1.32228.430
MinimumVisualStudioVersion = 10.0.40219.1
Project("{FAE04EC0-301F-11D3-BF4B-00C04F79EFBC}") = "Hotel_Management", "Hotel_Management.csproj", "{1980BA08-0156-48CD-AF0F-2D39280A1496}"
EndProject
Global
	GlobalSection(SolutionConfigurationPlatforms) = preSolution
		Debug|Any CPU = Debug|Any CPU
		Release|Any CPU = Release|Any CPU
	EndGlobalSection
	GlobalSection(ProjectConfigurationPlatforms) = postSolution
		{1980BA08-0156-48CD-AF0F-2D39280A1496}.Debug|Any CPU.ActiveCfg = Debug|Any CPU
		{1980BA08-0156-48CD-AF0F-2D39280A1496}.Debug|Any CPU.Build.0 = Debug|Any CPU
		{1980BA08-0156-48CD-AF0F-2D39280A1496}.Release|Any CPU.ActiveCfg = Release|Any CPU
		{1980BA08-0156-48CD-AF0F-2D39280A1496}.Release|Any CPU.Build.0 = Release|Any CPU
	EndGlobalSection
	GlobalSection(SolutionProperties) = preSolution
		HideSolutionNode = FALSE
	EndGlobalSection
	GlobalSection(ExtensibilityGlobals) = postSolution
		SolutionGuid = {C0C6BA31-3F8A-4A14-BFDE-3CC694FB6C06}
	EndGlobalSection
EndGlobal
